{
  "object": {
    "pins": [
      {
        "package": "Alamofire",
        "repositoryURL": "https://github.com/Alamofire/Alamofire.git",
        "state": {
          "branch": null,
          "revision": "9e0328127dfb801cefe8ac53a13c0c90a7770448",
          "version": "5.4.0"
        }
      },
      {
        "package": "AlamofireImage",
        "repositoryURL": "https://github.com/Alamofire/AlamofireImage.git",
        "state": {
          "branch": null,
          "revision": "3e8edbeb75227f8542aa87f90240cf0424d6362f",
          "version": "4.1.0"
        }
      },
      {
        "package": "Atributika",
        "repositoryURL": "https://github.com/psharanda/Atributika",
        "state": {
          "branch": null,
          "revision": "61e176b964e24ecd0323ed92f3c78c3a97795556",
          "version": "4.9.10"
        }
      },
      {
        "package": "CombineExt",
        "repositoryURL": "https://github.com/CombineCommunity/CombineExt.git",
        "state": {
          "branch": null,
          "revision": "6664678135c6aec049c887a51c9da2545f184882",
          "version": "1.2.0"
        }
      },
      {
        "package": "DeepDiff",
        "repositoryURL": "https://github.com/onmyway133/DeepDiff.git",
        "state": {
          "branch": null,
          "revision": "010ebbe1ce5ebeaee37a3d2f4a8c03f0e75b8045",
          "version": "2.3.1"
        }
      },
      {
        "package": "Facebook",
        "repositoryURL": "https://github.com/facebook/facebook-ios-sdk",
        "state": {
          "branch": null,
          "revision": "a3ef4451928249e18bb3ae5b7cb906134ed63b26",
          "version": "7.1.1"
        }
      },
      {
        "package": "GRProvider",
        "repositoryURL": "https://github.com/smajdalf/GRProvider",
        "state": {
          "branch": null,
          "revision": "7bb2fab1ef5e3234d2e00c5a5a4cf04bf69ccb9e",
          "version": "0.0.6"
        }
      },
      {
        "package": "UICircularProgressRing",
        "repositoryURL": "https://github.com/luispadron/UICircularProgressRing.git",
        "state": {
          "branch": null,
          "revision": "4a1fd4a77bcc27f8b3714aae3ea35835251dcef3",
          "version": "6.5.0"
        }
      }
    ]
  },
  "version": 1
}
